
Microsoft Visual Studio Solution File, Format Version 12.00
# Visual Studio Version 16
VisualStudioVersion = 16.0.31005.135
MinimumVisualStudioVersion = 10.0.40219.1
Project("{FAE04EC0-301F-11D3-BF4B-00C04F79EFBC}") = "AudioTextSearchApp", "AudioTextSearchApp\AudioTextSearchApp.csproj", "{F75AB72B-AB44-466F-8D39-0FF3592DFA16}"
EndProject
Global
	GlobalSection(SolutionConfigurationPlatforms) = preSolution
		Debug|Any CPU = Debug|Any CPU
		Release|Any CPU = Release|Any CPU
	EndGlobalSection
	GlobalSection(ProjectConfigurationPlatforms) = postSolution
		{F75AB72B-AB44-466F-8D39-0FF3592DFA16}.Debug|Any CPU.ActiveCfg = Debug|Any CPU
		{F75AB72B-AB44-466F-8D39-0FF3592DFA16}.Debug|Any CPU.Build.0 = Debug|Any CPU
		{F75AB72B-AB44-466F-8D39-0FF3592DFA16}.Release|Any CPU.ActiveCfg = Release|Any CPU
		{F75AB72B-AB44-466F-8D39-0FF3592DFA16}.Release|Any CPU.Build.0 = Release|Any CPU
	EndGlobalSection
	GlobalSection(SolutionProperties) = preSolution
		HideSolutionNode = FALSE
	EndGlobalSection
	GlobalSection(ExtensibilityGlobals) = postSolution
		SolutionGuid = {189ED9EA-BBC8-4C4A-8424-DD234D837713}
	EndGlobalSection
EndGlobal
